gitee.com/pefish/p-go-application v0.0.0-20190207112659-19d6eec7cf9d h1:BpFaU5KGRQMJEIpluv38KYjlIvfnqvUVt/SpzmBw9O8=
gitee.com/pefish/p-go-application v0.0.0-20190207112659-19d6eec7cf9d/go.mod h1:dzuS05EXNJX/6kXMT805pWt+5xL3f8NuzOt77JcsOjU=
gitee.com/pefish/p-go-logger v0.0.0-20190207113114-334ba98ccbd5 h1:4AEAIyy9yD8wjwnNpZNH5u9ngKcZl0rRJ6+tft+P3iM=
gitee.com/pefish/p-go-logger v0.0.0-20190207113114-334ba98ccbd5/go.mod h1:AWyowR6DNQCa0YF7TBzb0kbDKzElt4X2qCzqbBnL3hs=
gitee.com/pefish/p-go-reflect v0.0.0-20190207112118-fb41a3d72b89 h1:q0A0f7jNMHBZeTE7L4IjV9muGw8OhiFZJutXbdgOxEE=
gitee.com/pefish/p-go-reflect v0.0.0-20190207112118-fb41a3d72b89/go.mod h1:bsQ/UfBCqX4GfBInTOx8i4UXUaHo3VhmQRTcLNjVrRI=
github.com/davecgh/go-spew v1.1.1 h1:vj9j/u1bqnvCEfJOwUhtlOARqs3+rkHYY13jYWTU97c=
github.com/davecgh/go-spew v1.1.1/go.mod h1:J7Y8YcW2NihsgmVo/mv3lAwl/skON4iLHjSsI+c5H38=
github.com/konsorten/go-windows-terminal-sequences v1.0.1 h1:mweAR1A6xJ3oS2pRaGiHgQ4OO8tzTaLawm8vnODuwDk=
github.com/konsorten/go-windows-terminal-sequences v1.0.1/go.mod h1:T0+1ngSBFLxvqU3pZ+m/2kptfBszLMUkC4ZK/EgS/cQ=
github.com/pefish/go-application v0.0.2 h1:8rezZUCiqW2f9gEkV0A1ZVLi8qER0yPHuxV1C6FJ6t4=
github.com/pefish/go-application v0.0.2/go.mod h1:bIM667i1fBpkJxZWE0lTbYs/FW4O9YgnW5gj4sy33ko=
github.com/pefish/go-logger v0.0.2 h1:eN8GIawai4HiLet9qG1fYgBZj7MJaZ1h5PcaXj533nI=
github.com/pefish/go-logger v0.0.2/go.mod h1:4FrzbL4ww9yLL/E4dxv3d/TORXgaj7mkx0VJkRWvx4U=
github.com/pefish/go-reflect v0.0.1 h1:5IyuKC2ChCFuJee1gl4dQkDfsrHRUR6knfwuz8xbhks=
github.com/pefish/go-reflect v0.0.1/go.mod h1:lv3gz/Zh2FsqCq8jqzdCgYpoM41AjE90HtknRbkXhjQ=
github.com/pefish/log4go v1.0.7 h1:CB0X19K4JMfgiYQxRr+erLQ/UCySOovix6ggAUU8nwo=
github.com/pefish/log4go v1.0.7/go.mod h1:KL8EqYldvXxpBlUSZgR2H4tjBvVqiWgQtMg56LiZetY=
github.com/pmezard/go-difflib v1.0.0 h1:4DBwDE0NGyQoBHbLQYPwSUPoCMWR5BEzIk/f1lZbAQM=
github.com/pmezard/go-difflib v1.0.0/go.mod h1:iKH77koFhYxTK1pcRnkKkqfTogsbg7gZNVY4sRDYZ/4=
github.com/sirupsen/logrus v1.3.0 h1:hI/7Q+DtNZ2kINb6qt/lS+IyXnHQe9e90POfeewL/ME=
github.com/sirupsen/logrus v1.3.0/go.mod h1:LxeOpSwHxABJmUn/MG1IvRgCAasNZTLOkJPxbbu5VWo=
github.com/streadway/amqp v0.0.0-20181205114330-a314942b2fd9 h1:37QTz/gdHBLQcsmgMTnQDSWCtKzJ7YnfI2M2yTdr4BQ=
github.com/streadway/amqp v0.0.0-20181205114330-a314942b2fd9/go.mod h1:1WNBiOZtZQLpVAyu0iTduoJL9hEsMloAK5XWrtW0xdY=
github.com/stretchr/objx v0.1.1/go.mod h1:HFkY916IF+rwdDfMAkV7OtwuqBVzrE8GR6GFx+wExME=
github.com/stretchr/testify v1.2.2 h1:bSDNvY7ZPG5RlJ8otE/7V6gMiyenm9RtJ7IUVIAoJ1w=
github.com/stretchr/testify v1.2.2/go.mod h1:a8OnRcib4nhh0OaRAV+Yts87kKdq0PP7pXfy6kDkUVs=
github.com/toolkits/file v0.0.0-20160325033739-a5b3c5147e07 h1:d/VUIMNTk65Xz69htmRPNfjypq2uNRqVsymcXQu6kKk=
github.com/toolkits/file v0.0.0-20160325033739-a5b3c5147e07/go.mod h1:FbXpUxsx5in7z/OrWFDdhYetOy3/VGIJsVHN9G7RUPA=
golang.org/x/crypto v0.0.0-20180904163835-0709b304e793 h1:u+LnwYTOOW7Ukr/fppxEb1Nwz0AtPflrblfvUudpo+I=
golang.org/x/crypto v0.0.0-20180904163835-0709b304e793/go.mod h1:6SG95UA2DQfeDnfUPMdvaQW0Q7yPrPDi9nlGo2tz2b4=
golang.org/x/sys v0.0.0-20180905080454-ebe1bf3edb33 h1:I6FyU15t786LL7oL/hn43zqTuEGr4PN7F4XJ1p4E3Y8=
golang.org/x/sys v0.0.0-20180905080454-ebe1bf3edb33/go.mod h1:STP8DvDyc/dI5b8T5hshtkjS+E42TnysNCUPdjciGhY=
